// !$*UTF8*$!
{
	archiveVersion = 1;
	classes = {
	};
	objectVersion = 45;
	objects = {

/* Begin PBXBuildFile section */
		43D43BBD12C9C59D007E56B8 /* main.cpp in Sources */ = {isa = PBXBuildFile; fileRef = 08FB7796FE84155DC02AAC07 /* main.cpp */; };
		43D43BE312C9C8D8007E56B8 /* source.cpp in Sources */ = {isa = PBXBuildFile; fileRef = 43D43BE212C9C8D8007E56B8 /* source.cpp */; };
		43D43BFA12C9C938007E56B8 /* sink.cpp in Sources */ = {isa = PBXBuildFile; fileRef = 43D43BF912C9C938007E56B8 /* sink.cpp */; };
		43D43BFC12C9C955007E56B8 /* filter.cpp in Sources */ = {isa = PBXBuildFile; fileRef = 43D43BFB12C9C955007E56B8 /* filter.cpp */; };
/* End PBXBuildFile section */

/* Begin PBXCopyFilesBuildPhase section */
		43D43BDC12C9C8B3007E56B8 /* CopyFiles */ = {
			isa = PBXCopyFilesBuildPhase;
			buildActionMask = 8;
			dstPath = /usr/share/man/man1/;
			dstSubfolderSpec = 0;
			files = (
			);
			runOnlyForDeploymentPostprocessing = 1;
		};
		43D43BE812C9C8E1007E56B8 /* CopyFiles */ = {
			isa = PBXCopyFilesBuildPhase;
			buildActionMask = 8;
			dstPath = /usr/share/man/man1/;
			dstSubfolderSpec = 0;
			files = (
			);
			runOnlyForDeploymentPostprocessing = 1;
		};
		43D43BF212C9C8ED007E56B8 /* CopyFiles */ = {
			isa = PBXCopyFilesBuildPhase;
			buildActionMask = 8;
			dstPath = /usr/share/man/man1/;
			dstSubfolderSpec = 0;
			files = (
			);
			runOnlyForDeploymentPostprocessing = 1;
		};
		8DD76F690486A84900D96B5E /* CopyFiles */ = {
			isa = PBXCopyFilesBuildPhase;
			buildActionMask = 8;
			dstPath = /usr/share/man/man1/;
			dstSubfolderSpec = 0;
			files = (
			);
			runOnlyForDeploymentPostprocessing = 1;
		};
/* End PBXCopyFilesBuildPhase section */

/* Begin PBXFileReference section */
		08FB7796FE84155DC02AAC07 /* main.cpp */ = {isa = PBXFileReference; fileEncoding = 4; lastKnownFileType = sourcecode.cpp.cpp; path = main.cpp; sourceTree = "<group>"; };
		43D43BE012C9C8B3007E56B8 /* source */ = {isa = PBXFileReference; explicitFileType = "compiled.mach-o.executable"; includeInIndex = 0; path = source; sourceTree = BUILT_PRODUCTS_DIR; };
		43D43BE212C9C8D8007E56B8 /* source.cpp */ = {isa = PBXFileReference; fileEncoding = 4; lastKnownFileType = sourcecode.cpp.cpp; name = source.cpp; path = Projects/pipeline/source.cpp; sourceTree = DEVELOPER_DIR; };
		43D43BEC12C9C8E1007E56B8 /* sink */ = {isa = PBXFileReference; explicitFileType = "compiled.mach-o.executable"; includeInIndex = 0; path = sink; sourceTree = BUILT_PRODUCTS_DIR; };
		43D43BF612C9C8ED007E56B8 /* filter */ = {isa = PBXFileReference; explicitFileType = "compiled.mach-o.executable"; includeInIndex = 0; path = filter; sourceTree = BUILT_PRODUCTS_DIR; };
		43D43BF912C9C938007E56B8 /* sink.cpp */ = {isa = PBXFileReference; fileEncoding = 4; lastKnownFileType = sourcecode.cpp.cpp; name = sink.cpp; path = Projects/pipeline/sink.cpp; sourceTree = DEVELOPER_DIR; };
		43D43BFB12C9C955007E56B8 /* filter.cpp */ = {isa = PBXFileReference; fileEncoding = 4; lastKnownFileType = sourcecode.cpp.cpp; name = filter.cpp; path = Projects/pipeline/filter.cpp; sourceTree = DEVELOPER_DIR; };
		8DD76F6C0486A84900D96B5E /* pipeline */ = {isa = PBXFileReference; explicitFileType = "compiled.mach-o.executable"; includeInIndex = 0; path = pipeline; sourceTree = BUILT_PRODUCTS_DIR; };
		C6859E8B029090EE04C91782 /* pipeline.1 */ = {isa = PBXFileReference; lastKnownFileType = text.man; path = pipeline.1; sourceTree = "<group>"; };
/* End PBXFileReference section */

/* Begin PBXFrameworksBuildPhase section */
		43D43BDB12C9C8B3007E56B8 /* Frameworks */ = {
			isa = PBXFrameworksBuildPhase;
			buildActionMask = 2147483647;
			files = (
			);
			runOnlyForDeploymentPostprocessing = 0;
		};
		43D43BE712C9C8E1007E56B8 /* Frameworks */ = {
			isa = PBXFrameworksBuildPhase;
			buildActionMask = 2147483647;
			files = (
			);
			runOnlyForDeploymentPostprocessing = 0;
		};
		43D43BF112C9C8ED007E56B8 /* Frameworks */ = {
			isa = PBXFrameworksBuildPhase;
			buildActionMask = 2147483647;
			files = (
			);
			runOnlyForDeploymentPostprocessing = 0;
		};
		8DD76F660486A84900D96B5E /* Frameworks */ = {
			isa = PBXFrameworksBuildPhase;
			buildActionMask = 2147483647;
			files = (
			);
			runOnlyForDeploymentPostprocessing = 0;
		};
/* End PBXFrameworksBuildPhase section */

/* Begin PBXGroup section */
		08FB7794FE84155DC02AAC07 /* pipeline */ = {
			isa = PBXGroup;
			children = (
				08FB7795FE84155DC02AAC07 /* Source */,
				C6859E8C029090F304C91782 /* Documentation */,
				1AB674ADFE9D54B511CA2CBB /* Products */,
			);
			name = pipeline;
			sourceTree = "<group>";
		};
		08FB7795FE84155DC02AAC07 /* Source */ = {
			isa = PBXGroup;
			children = (
				08FB7796FE84155DC02AAC07 /* main.cpp */,
				43D43BE212C9C8D8007E56B8 /* source.cpp */,
				43D43BF912C9C938007E56B8 /* sink.cpp */,
				43D43BFB12C9C955007E56B8 /* filter.cpp */,
			);
			name = Source;
			sourceTree = "<group>";
		};
		1AB674ADFE9D54B511CA2CBB /* Products */ = {
			isa = PBXGroup;
			children = (
				8DD76F6C0486A84900D96B5E /* pipeline */,
				43D43BE012C9C8B3007E56B8 /* source */,
				43D43BEC12C9C8E1007E56B8 /* sink */,
				43D43BF612C9C8ED007E56B8 /* filter */,
			);
			name = Products;
			sourceTree = "<group>";
		};
		C6859E8C029090F304C91782 /* Documentation */ = {
			isa = PBXGroup;
			children = (
				C6859E8B029090EE04C91782 /* pipeline.1 */,
			);
			name = Documentation;
			sourceTree = "<group>";
		};
/* End PBXGroup section */

/* Begin PBXNativeTarget section */
		43D43BD812C9C8B3007E56B8 /* source */ = {
			isa = PBXNativeTarget;
			buildConfigurationList = 43D43BDD12C9C8B3007E56B8 /* Build configuration list for PBXNativeTarget "source" */;
			buildPhases = (
				43D43BD912C9C8B3007E56B8 /* Sources */,
				43D43BDB12C9C8B3007E56B8 /* Frameworks */,
				43D43BDC12C9C8B3007E56B8 /* CopyFiles */,
			);
			buildRules = (
			);
			dependencies = (
			);
			name = source;
			productInstallPath = "$(HOME)/bin";
			productName = pipeline;
			productReference = 43D43BE012C9C8B3007E56B8 /* source */;
			productType = "com.apple.product-type.tool";
		};
		43D43BE412C9C8E1007E56B8 /* sink */ = {
			isa = PBXNativeTarget;
			buildConfigurationList = 43D43BE912C9C8E1007E56B8 /* Build configuration list for PBXNativeTarget "sink" */;
			buildPhases = (
				43D43BE512C9C8E1007E56B8 /* Sources */,
				43D43BE712C9C8E1007E56B8 /* Frameworks */,
				43D43BE812C9C8E1007E56B8 /* CopyFiles */,
			);
			buildRules = (
			);
			dependencies = (
			);
			name = sink;
			productInstallPath = "$(HOME)/bin";
			productName = pipeline;
			productReference = 43D43BEC12C9C8E1007E56B8 /* sink */;
			productType = "com.apple.product-type.tool";
		};
		43D43BEE12C9C8ED007E56B8 /* filter */ = {
			isa = PBXNativeTarget;
			buildConfigurationList = 43D43BF312C9C8ED007E56B8 /* Build configuration list for PBXNativeTarget "filter" */;
			buildPhases = (
				43D43BEF12C9C8ED007E56B8 /* Sources */,
				43D43BF112C9C8ED007E56B8 /* Frameworks */,
				43D43BF212C9C8ED007E56B8 /* CopyFiles */,
			);
			buildRules = (
			);
			dependencies = (
			);
			name = filter;
			productInstallPath = "$(HOME)/bin";
			productName = pipeline;
			productReference = 43D43BF612C9C8ED007E56B8 /* filter */;
			productType = "com.apple.product-type.tool";
		};
		8DD76F620486A84900D96B5E /* pipeline */ = {
			isa = PBXNativeTarget;
			buildConfigurationList = 1DEB923108733DC60010E9CD /* Build configuration list for PBXNativeTarget "pipeline" */;
			buildPhases = (
				8DD76F640486A84900D96B5E /* Sources */,
				8DD76F660486A84900D96B5E /* Frameworks */,
				8DD76F690486A84900D96B5E /* CopyFiles */,
			);
			buildRules = (
			);
			dependencies = (
			);
			name = pipeline;
			productInstallPath = "$(HOME)/bin";
			productName = pipeline;
			productReference = 8DD76F6C0486A84900D96B5E /* pipeline */;
			productType = "com.apple.product-type.tool";
		};
/* End PBXNativeTarget section */

/* Begin PBXProject section */
		08FB7793FE84155DC02AAC07 /* Project object */ = {
			isa = PBXProject;
			buildConfigurationList = 1DEB923508733DC60010E9CD /* Build configuration list for PBXProject "pipeline" */;
			compatibilityVersion = "Xcode 3.1";
			hasScannedForEncodings = 1;
			mainGroup = 08FB7794FE84155DC02AAC07 /* pipeline */;
			projectDirPath = "";
			projectRoot = "";
			targets = (
				8DD76F620486A84900D96B5E /* pipeline */,
				43D43BD812C9C8B3007E56B8 /* source */,
				43D43BE412C9C8E1007E56B8 /* sink */,
				43D43BEE12C9C8ED007E56B8 /* filter */,
			);
		};
/* End PBXProject section */

/* Begin PBXSourcesBuildPhase section */
		43D43BD912C9C8B3007E56B8 /* Sources */ = {
			isa = PBXSourcesBuildPhase;
			buildActionMask = 2147483647;
			files = (
				43D43BE312C9C8D8007E56B8 /* source.cpp in Sources */,
			);
			runOnlyForDeploymentPostprocessing = 0;
		};
		43D43BE512C9C8E1007E56B8 /* Sources */ = {
			isa = PBXSourcesBuildPhase;
			buildActionMask = 2147483647;
			files = (
				43D43BFA12C9C938007E56B8 /* sink.cpp in Sources */,
			);
			runOnlyForDeploymentPostprocessing = 0;
		};
		43D43BEF12C9C8ED007E56B8 /* Sources */ = {
			isa = PBXSourcesBuildPhase;
			buildActionMask = 2147483647;
			files = (
				43D43BFC12C9C955007E56B8 /* filter.cpp in Sources */,
			);
			runOnlyForDeploymentPostprocessing = 0;
		};
		8DD76F640486A84900D96B5E /* Sources */ = {
			isa = PBXSourcesBuildPhase;
			buildActionMask = 2147483647;
			files = (
				43D43BBD12C9C59D007E56B8 /* main.cpp in Sources */,
			);
			runOnlyForDeploymentPostprocessing = 0;
		};
/* End PBXSourcesBuildPhase section */

/* Begin XCBuildConfiguration section */
		1DEB923208733DC60010E9CD /* Debug */ = {
			isa = XCBuildConfiguration;
			buildSettings = {
				ALWAYS_SEARCH_USER_PATHS = NO;
				COPY_PHASE_STRIP = NO;
				GCC_DYNAMIC_NO_PIC = NO;
				GCC_ENABLE_FIX_AND_CONTINUE = YES;
				GCC_MODEL_TUNING = G5;
				GCC_OPTIMIZATION_LEVEL = 0;
				INSTALL_PATH = /usr/local/bin;
				PRODUCT_NAME = pipeline;
			};
			name = Debug;
		};
		1DEB923308733DC60010E9CD /* Release */ = {
			isa = XCBuildConfiguration;
			buildSettings = {
				ALWAYS_SEARCH_USER_PATHS = NO;
				DEBUG_INFORMATION_FORMAT = "dwarf-with-dsym";
				GCC_MODEL_TUNING = G5;
				INSTALL_PATH = /usr/local/bin;
				PRODUCT_NAME = pipeline;
			};
			name = Release;
		};
		1DEB923608733DC60010E9CD /* Debug */ = {
			isa = XCBuildConfiguration;
			buildSettings = {
				ARCHS = "$(ARCHS_STANDARD_32_64_BIT)";
				GCC_C_LANGUAGE_STANDARD = gnu99;
				GCC_OPTIMIZATION_LEVEL = 0;
				GCC_WARN_ABOUT_RETURN_TYPE = YES;
				GCC_WARN_UNUSED_VARIABLE = YES;
				ONLY_ACTIVE_ARCH = YES;
				PREBINDING = NO;
				SDKROOT = macosx10.6;
			};
			name = Debug;
		};
		1DEB923708733DC60010E9CD /* Release */ = {
			isa = XCBuildConfiguration;
			buildSettings = {
				ARCHS = "$(ARCHS_STANDARD_32_64_BIT)";
				GCC_C_LANGUAGE_STANDARD = gnu99;
				GCC_WARN_ABOUT_RETURN_TYPE = YES;
				GCC_WARN_UNUSED_VARIABLE = YES;
				PREBINDING = NO;
				SDKROOT = macosx10.6;
			};
			name = Release;
		};
		43D43BDE12C9C8B3007E56B8 /* Debug */ = {
			isa = XCBuildConfiguration;
			buildSettings = {
				ALWAYS_SEARCH_USER_PATHS = NO;
				COPY_PHASE_STRIP = NO;
				GCC_DYNAMIC_NO_PIC = NO;
				GCC_ENABLE_FIX_AND_CONTINUE = YES;
				GCC_MODEL_TUNING = G5;
				GCC_OPTIMIZATION_LEVEL = 0;
				INSTALL_PATH = /usr/local/bin;
				PRODUCT_NAME = source;
			};
			name = Debug;
		};
		43D43BDF12C9C8B3007E56B8 /* Release */ = {
			isa = XCBuildConfiguration;
			buildSettings = {
				ALWAYS_SEARCH_USER_PATHS = NO;
				DEBUG_INFORMATION_FORMAT = "dwarf-with-dsym";
				GCC_MODEL_TUNING = G5;
				INSTALL_PATH = /usr/local/bin;
				PRODUCT_NAME = pipeline;
			};
			name = Release;
		};
		43D43BEA12C9C8E1007E56B8 /* Debug */ = {
			isa = XCBuildConfiguration;
			buildSettings = {
				ALWAYS_SEARCH_USER_PATHS = NO;
				COPY_PHASE_STRIP = NO;
				GCC_DYNAMIC_NO_PIC = NO;
				GCC_ENABLE_FIX_AND_CONTINUE = YES;
				GCC_MODEL_TUNING = G5;
				GCC_OPTIMIZATION_LEVEL = 0;
				INSTALL_PATH = /usr/local/bin;
				PRODUCT_NAME = sink;
			};
			name = Debug;
		};
		43D43BEB12C9C8E1007E56B8 /* Release */ = {
			isa = XCBuildConfiguration;
			buildSettings = {
				ALWAYS_SEARCH_USER_PATHS = NO;
				DEBUG_INFORMATION_FORMAT = "dwarf-with-dsym";
				GCC_MODEL_TUNING = G5;
				INSTALL_PATH = /usr/local/bin;
				PRODUCT_NAME = sink;
			};
			name = Release;
		};
		43D43BF412C9C8ED007E56B8 /* Debug */ = {
			isa = XCBuildConfiguration;
			buildSettings = {
				ALWAYS_SEARCH_USER_PATHS = NO;
				COPY_PHASE_STRIP = NO;
				GCC_DYNAMIC_NO_PIC = NO;
				GCC_ENABLE_FIX_AND_CONTINUE = YES;
				GCC_MODEL_TUNING = G5;
				GCC_OPTIMIZATION_LEVEL = 0;
				INSTALL_PATH = /usr/local/bin;
				PRODUCT_NAME = filter;
			};
			name = Debug;
		};
		43D43BF512C9C8ED007E56B8 /* Release */ = {
			isa = XCBuildConfiguration;
			buildSettings = {
				ALWAYS_SEARCH_USER_PATHS = NO;
				DEBUG_INFORMATION_FORMAT = "dwarf-with-dsym";
				GCC_MODEL_TUNING = G5;
				INSTALL_PATH = /usr/local/bin;
				PRODUCT_NAME = filter;
			};
			name = Release;
		};
/* End XCBuildConfiguration section */

/* Begin XCConfigurationList section */
		1DEB923108733DC60010E9CD /* Build configuration list for PBXNativeTarget "pipeline" */ = {
			isa = XCConfigurationList;
			buildConfigurations = (
				1DEB923208733DC60010E9CD /* Debug */,
				1DEB923308733DC60010E9CD /* Release */,
			);
			defaultConfigurationIsVisible = 0;
			defaultConfigurationName = Release;
		};
		1DEB923508733DC60010E9CD /* Build configuration list for PBXProject "pipeline" */ = {
			isa = XCConfigurationList;
			buildConfigurations = (
				1DEB923608733DC60010E9CD /* Debug */,
				1DEB923708733DC60010E9CD /* Release */,
			);
			defaultConfigurationIsVisible = 0;
			defaultConfigurationName = Release;
		};
		43D43BDD12C9C8B3007E56B8 /* Build configuration list for PBXNativeTarget "source" */ = {
			isa = XCConfigurationList;
			buildConfigurations = (
				43D43BDE12C9C8B3007E56B8 /* Debug */,
				43D43BDF12C9C8B3007E56B8 /* Release */,
			);
			defaultConfigurationIsVisible = 0;
			defaultConfigurationName = Release;
		};
		43D43BE912C9C8E1007E56B8 /* Build configuration list for PBXNativeTarget "sink" */ = {
			isa = XCConfigurationList;
			buildConfigurations = (
				43D43BEA12C9C8E1007E56B8 /* Debug */,
				43D43BEB12C9C8E1007E56B8 /* Release */,
			);
			defaultConfigurationIsVisible = 0;
			defaultConfigurationName = Release;
		};
		43D43BF312C9C8ED007E56B8 /* Build configuration list for PBXNativeTarget "filter" */ = {
			isa = XCConfigurationList;
			buildConfigurations = (
				43D43BF412C9C8ED007E56B8 /* Debug */,
				43D43BF512C9C8ED007E56B8 /* Release */,
			);
			defaultConfigurationIsVisible = 0;
			defaultConfigurationName = Release;
		};
/* End XCConfigurationList section */
	};
	rootObject = 08FB7793FE84155DC02AAC07 /* Project object */;
}
